
Microsoft Visual Studio Solution File, Format Version 12.00
# Visual Studio Version 16
VisualStudioVersion = 16.0.31424.327
MinimumVisualStudioVersion = 10.0.40219.1
Project("{FAE04EC0-301F-11D3-BF4B-00C04F79EFBC}") = "UI_Xamarin.Android", "UI_Xamarin\UI_Xamarin.Android\UI_Xamarin.Android.csproj", "{CCE2A1FA-2B3C-4630-871C-2A250EFC7C84}"
EndProject
Project("{FAE04EC0-301F-11D3-BF4B-00C04F79EFBC}") = "UI_Xamarin.iOS", "UI_Xamarin\UI_Xamarin.iOS\UI_Xamarin.iOS.csproj", "{23CED9C1-3E53-469D-8368-5F77EDA3D732}"
EndProject
Project("{FAE04EC0-301F-11D3-BF4B-00C04F79EFBC}") = "UI_Xamarin", "UI_Xamarin\UI_Xamarin\UI_Xamarin.csproj", "{FCAA05F9-8C4D-4D79-A70C-D7FDA1781ED6}"
EndProject
Global
	GlobalSection(SolutionConfigurationPlatforms) = preSolution
		Debug|Any CPU = Debug|Any CPU
		Debug|iPhone = Debug|iPhone
		Debug|iPhoneSimulator = Debug|iPhoneSimulator
		Release|Any CPU = Release|Any CPU
		Release|iPhone = Release|iPhone
		Release|iPhoneSimulator = Release|iPhoneSimulator
	EndGlobalSection
	GlobalSection(ProjectConfigurationPlatforms) = postSolution
		{CCE2A1FA-2B3C-4630-871C-2A250EFC7C84}.Debug|Any CPU.ActiveCfg = Debug|Any CPU
		{CCE2A1FA-2B3C-4630-871C-2A250EFC7C84}.Debug|Any CPU.Build.0 = Debug|Any CPU
		{CCE2A1FA-2B3C-4630-871C-2A250EFC7C84}.Debug|Any CPU.Deploy.0 = Debug|Any CPU
		{CCE2A1FA-2B3C-4630-871C-2A250EFC7C84}.Debug|iPhone.ActiveCfg = Debug|Any CPU
		{CCE2A1FA-2B3C-4630-871C-2A250EFC7C84}.Debug|iPhone.Build.0 = Debug|Any CPU
		{CCE2A1FA-2B3C-4630-871C-2A250EFC7C84}.Debug|iPhone.Deploy.0 = Debug|Any CPU
		{CCE2A1FA-2B3C-4630-871C-2A250EFC7C84}.Debug|iPhoneSimulator.ActiveCfg = Debug|Any CPU
		{CCE2A1FA-2B3C-4630-871C-2A250EFC7C84}.Debug|iPhoneSimulator.Build.0 = Debug|Any CPU
		{CCE2A1FA-2B3C-4630-871C-2A250EFC7C84}.Debug|iPhoneSimulator.Deploy.0 = Debug|Any CPU
		{CCE2A1FA-2B3C-4630-871C-2A250EFC7C84}.Release|Any CPU.ActiveCfg = Release|Any CPU
		{CCE2A1FA-2B3C-4630-871C-2A250EFC7C84}.Release|Any CPU.Build.0 = Release|Any CPU
		{CCE2A1FA-2B3C-4630-871C-2A250EFC7C84}.Release|Any CPU.Deploy.0 = Release|Any CPU
		{CCE2A1FA-2B3C-4630-871C-2A250EFC7C84}.Release|iPhone.ActiveCfg = Release|Any CPU
		{CCE2A1FA-2B3C-4630-871C-2A250EFC7C84}.Release|iPhone.Build.0 = Release|Any CPU
		{CCE2A1FA-2B3C-4630-871C-2A250EFC7C84}.Release|iPhone.Deploy.0 = Release|Any CPU
		{CCE2A1FA-2B3C-4630-871C-2A250EFC7C84}.Release|iPhoneSimulator.ActiveCfg = Release|Any CPU
		{CCE2A1FA-2B3C-4630-871C-2A250EFC7C84}.Release|iPhoneSimulator.Build.0 = Release|Any CPU
		{CCE2A1FA-2B3C-4630-871C-2A250EFC7C84}.Release|iPhoneSimulator.Deploy.0 = Release|Any CPU
		{23CED9C1-3E53-469D-8368-5F77EDA3D732}.Debug|Any CPU.ActiveCfg = Debug|iPhone
		{23CED9C1-3E53-469D-8368-5F77EDA3D732}.Debug|Any CPU.Build.0 = Debug|iPhone
		{23CED9C1-3E53-469D-8368-5F77EDA3D732}.Debug|Any CPU.Deploy.0 = Debug|iPhone
		{23CED9C1-3E53-469D-8368-5F77EDA3D732}.Debug|iPhone.ActiveCfg = Debug|iPhone
		{23CED9C1-3E53-469D-8368-5F77EDA3D732}.Debug|iPhone.Build.0 = Debug|iPhone
		{23CED9C1-3E53-469D-8368-5F77EDA3D732}.Debug|iPhone.Deploy.0 = Debug|iPhone
		{23CED9C1-3E53-469D-8368-5F77EDA3D732}.Debug|iPhoneSimulator.ActiveCfg = Debug|iPhoneSimulator
		{23CED9C1-3E53-469D-8368-5F77EDA3D732}.Debug|iPhoneSimulator.Build.0 = Debug|iPhoneSimulator
		{23CED9C1-3E53-469D-8368-5F77EDA3D732}.Debug|iPhoneSimulator.Deploy.0 = Debug|iPhoneSimulator
		{23CED9C1-3E53-469D-8368-5F77EDA3D732}.Release|Any CPU.ActiveCfg = Release|iPhoneSimulator
		{23CED9C1-3E53-469D-8368-5F77EDA3D732}.Release|Any CPU.Build.0 = Release|iPhoneSimulator
		{23CED9C1-3E53-469D-8368-5F77EDA3D732}.Release|Any CPU.Deploy.0 = Release|iPhoneSimulator
		{23CED9C1-3E53-469D-8368-5F77EDA3D732}.Release|iPhone.ActiveCfg = Release|iPhone
		{23CED9C1-3E53-469D-8368-5F77EDA3D732}.Release|iPhone.Build.0 = Release|iPhone
		{23CED9C1-3E53-469D-8368-5F77EDA3D732}.Release|iPhone.Deploy.0 = Release|iPhone
		{23CED9C1-3E53-469D-8368-5F77EDA3D732}.Release|iPhoneSimulator.ActiveCfg = Release|iPhoneSimulator
		{23CED9C1-3E53-469D-8368-5F77EDA3D732}.Release|iPhoneSimulator.Build.0 = Release|iPhoneSimulator
		{23CED9C1-3E53-469D-8368-5F77EDA3D732}.Release|iPhoneSimulator.Deploy.0 = Release|iPhoneSimulator
		{FCAA05F9-8C4D-4D79-A70C-D7FDA1781ED6}.Debug|Any CPU.ActiveCfg = Debug|Any CPU
		{FCAA05F9-8C4D-4D79-A70C-D7FDA1781ED6}.Debug|Any CPU.Build.0 = Debug|Any CPU
		{FCAA05F9-8C4D-4D79-A70C-D7FDA1781ED6}.Debug|Any CPU.Deploy.0 = Debug|Any CPU
		{FCAA05F9-8C4D-4D79-A70C-D7FDA1781ED6}.Debug|iPhone.ActiveCfg = Debug|Any CPU
		{FCAA05F9-8C4D-4D79-A70C-D7FDA1781ED6}.Debug|iPhone.Build.0 = Debug|Any CPU
		{FCAA05F9-8C4D-4D79-A70C-D7FDA1781ED6}.Debug|iPhone.Deploy.0 = Debug|Any CPU
		{FCAA05F9-8C4D-4D79-A70C-D7FDA1781ED6}.Debug|iPhoneSimulator.ActiveCfg = Debug|Any CPU
		{FCAA05F9-8C4D-4D79-A70C-D7FDA1781ED6}.Debug|iPhoneSimulator.Build.0 = Debug|Any CPU
		{FCAA05F9-8C4D-4D79-A70C-D7FDA1781ED6}.Debug|iPhoneSimulator.Deploy.0 = Debug|Any CPU
		{FCAA05F9-8C4D-4D79-A70C-D7FDA1781ED6}.Release|Any CPU.ActiveCfg = Release|Any CPU
		{FCAA05F9-8C4D-4D79-A70C-D7FDA1781ED6}.Release|Any CPU.Build.0 = Release|Any CPU
		{FCAA05F9-8C4D-4D79-A70C-D7FDA1781ED6}.Release|Any CPU.Deploy.0 = Release|Any CPU
		{FCAA05F9-8C4D-4D79-A70C-D7FDA1781ED6}.Release|iPhone.ActiveCfg = Release|Any CPU
		{FCAA05F9-8C4D-4D79-A70C-D7FDA1781ED6}.Release|iPhone.Build.0 = Release|Any CPU
		{FCAA05F9-8C4D-4D79-A70C-D7FDA1781ED6}.Release|iPhone.Deploy.0 = Release|Any CPU
		{FCAA05F9-8C4D-4D79-A70C-D7FDA1781ED6}.Release|iPhoneSimulator.ActiveCfg = Release|Any CPU
		{FCAA05F9-8C4D-4D79-A70C-D7FDA1781ED6}.Release|iPhoneSimulator.Build.0 = Release|Any CPU
		{FCAA05F9-8C4D-4D79-A70C-D7FDA1781ED6}.Release|iPhoneSimulator.Deploy.0 = Release|Any CPU
	EndGlobalSection
	GlobalSection(SolutionProperties) = preSolution
		HideSolutionNode = FALSE
	EndGlobalSection
	GlobalSection(ExtensibilityGlobals) = postSolution
		SolutionGuid = {3425B9E6-B66D-442B-855A-81680A9C8E30}
	EndGlobalSection
EndGlobal
